
Microsoft Visual Studio Solution File, Format Version 12.00
# Visual Studio 2012
Project("{FAE04EC0-301F-11D3-BF4B-00C04F79EFBC}") = "myKnockout", "myKnockout\myKnockout.csproj", "{CAE736ED-985B-4DBC-B936-C45C3B17C4FF}"
EndProject
Project("{FAE04EC0-301F-11D3-BF4B-00C04F79EFBC}") = "myKnockout.Tests", "myKnockout.Tests\myKnockout.Tests.csproj", "{6C8E4BA7-6E4A-4BCB-98C5-BD7EB6B68E98}"
EndProject
Project("{2150E333-8FDC-42A3-9474-1A3956D46DE8}") = ".nuget", ".nuget", "{1EA9F518-96AD-4393-8856-740DA0192B16}"
	ProjectSection(SolutionItems) = preProject
		.nuget\NuGet.Config = .nuget\NuGet.Config
		.nuget\NuGet.exe = .nuget\NuGet.exe
		.nuget\NuGet.targets = .nuget\NuGet.targets
	EndProjectSection
EndProject
Global
	GlobalSection(SolutionConfigurationPlatforms) = preSolution
		Debug|Any CPU = Debug|Any CPU
		Release|Any CPU = Release|Any CPU
	EndGlobalSection
	GlobalSection(ProjectConfigurationPlatforms) = postSolution
		{CAE736ED-985B-4DBC-B936-C45C3B17C4FF}.Debug|Any CPU.ActiveCfg = Debug|Any CPU
		{CAE736ED-985B-4DBC-B936-C45C3B17C4FF}.Debug|Any CPU.Build.0 = Debug|Any CPU
		{CAE736ED-985B-4DBC-B936-C45C3B17C4FF}.Release|Any CPU.ActiveCfg = Release|Any CPU
		{CAE736ED-985B-4DBC-B936-C45C3B17C4FF}.Release|Any CPU.Build.0 = Release|Any CPU
		{6C8E4BA7-6E4A-4BCB-98C5-BD7EB6B68E98}.Debug|Any CPU.ActiveCfg = Debug|Any CPU
		{6C8E4BA7-6E4A-4BCB-98C5-BD7EB6B68E98}.Debug|Any CPU.Build.0 = Debug|Any CPU
		{6C8E4BA7-6E4A-4BCB-98C5-BD7EB6B68E98}.Release|Any CPU.ActiveCfg = Release|Any CPU
		{6C8E4BA7-6E4A-4BCB-98C5-BD7EB6B68E98}.Release|Any CPU.Build.0 = Release|Any CPU
	EndGlobalSection
	GlobalSection(SolutionProperties) = preSolution
		HideSolutionNode = FALSE
	EndGlobalSection
EndGlobal
